
Microsoft Visual Studio Solution File, Format Version 12.00
# Visual Studio Version 17
VisualStudioVersion = 17.0.31903.59
MinimumVisualStudioVersion = 10.0.40219.1
Project("{2150E333-8FDC-42A3-9474-1A3956D46DE8}") = "src", "src", "{B6A396EF-6B3D-4B52-AAD5-BB85841A4D73}"
EndProject
Project("{FAE04EC0-301F-11D3-BF4B-00C04F79EFBC}") = "Orders.Domain", "src\Orders.Domain\Orders.Domain.csproj", "{47F8397F-B95D-4977-A56A-4A474219F6CF}"
EndProject
Project("{FAE04EC0-301F-11D3-BF4B-00C04F79EFBC}") = "Orders.Application", "src\Orders.Application\Orders.Application.csproj", "{A30EFC5E-71A2-441B-9A5A-5B8C33C6A5D6}"
EndProject
Project("{FAE04EC0-301F-11D3-BF4B-00C04F79EFBC}") = "Orders.Infrastructure", "src\Orders.Infrastructure\Orders.Infrastructure.csproj", "{B3E0C19A-9ADA-42F3-8FCB-BDEA28F4C2C8}"
EndProject
Project("{FAE04EC0-301F-11D3-BF4B-00C04F79EFBC}") = "Orders.Api", "src\Orders.Api\Orders.Api.csproj", "{0F96A4BC-19D1-4054-9EAC-07128F0CEAA3}"
EndProject
Global
	GlobalSection(SolutionConfigurationPlatforms) = preSolution
		Debug|Any CPU = Debug|Any CPU
		Release|Any CPU = Release|Any CPU
	EndGlobalSection
	GlobalSection(SolutionProperties) = preSolution
		HideSolutionNode = FALSE
	EndGlobalSection
	GlobalSection(ProjectConfigurationPlatforms) = postSolution
		{47F8397F-B95D-4977-A56A-4A474219F6CF}.Debug|Any CPU.ActiveCfg = Debug|Any CPU
		{47F8397F-B95D-4977-A56A-4A474219F6CF}.Debug|Any CPU.Build.0 = Debug|Any CPU
		{47F8397F-B95D-4977-A56A-4A474219F6CF}.Release|Any CPU.ActiveCfg = Release|Any CPU
		{47F8397F-B95D-4977-A56A-4A474219F6CF}.Release|Any CPU.Build.0 = Release|Any CPU
		{A30EFC5E-71A2-441B-9A5A-5B8C33C6A5D6}.Debug|Any CPU.ActiveCfg = Debug|Any CPU
		{A30EFC5E-71A2-441B-9A5A-5B8C33C6A5D6}.Debug|Any CPU.Build.0 = Debug|Any CPU
		{A30EFC5E-71A2-441B-9A5A-5B8C33C6A5D6}.Release|Any CPU.ActiveCfg = Release|Any CPU
		{A30EFC5E-71A2-441B-9A5A-5B8C33C6A5D6}.Release|Any CPU.Build.0 = Release|Any CPU
		{B3E0C19A-9ADA-42F3-8FCB-BDEA28F4C2C8}.Debug|Any CPU.ActiveCfg = Debug|Any CPU
		{B3E0C19A-9ADA-42F3-8FCB-BDEA28F4C2C8}.Debug|Any CPU.Build.0 = Debug|Any CPU
		{B3E0C19A-9ADA-42F3-8FCB-BDEA28F4C2C8}.Release|Any CPU.ActiveCfg = Release|Any CPU
		{B3E0C19A-9ADA-42F3-8FCB-BDEA28F4C2C8}.Release|Any CPU.Build.0 = Release|Any CPU
		{0F96A4BC-19D1-4054-9EAC-07128F0CEAA3}.Debug|Any CPU.ActiveCfg = Debug|Any CPU
		{0F96A4BC-19D1-4054-9EAC-07128F0CEAA3}.Debug|Any CPU.Build.0 = Debug|Any CPU
		{0F96A4BC-19D1-4054-9EAC-07128F0CEAA3}.Release|Any CPU.ActiveCfg = Release|Any CPU
		{0F96A4BC-19D1-4054-9EAC-07128F0CEAA3}.Release|Any CPU.Build.0 = Release|Any CPU
	EndGlobalSection
	GlobalSection(NestedProjects) = preSolution
		{47F8397F-B95D-4977-A56A-4A474219F6CF} = {B6A396EF-6B3D-4B52-AAD5-BB85841A4D73}
		{A30EFC5E-71A2-441B-9A5A-5B8C33C6A5D6} = {B6A396EF-6B3D-4B52-AAD5-BB85841A4D73}
		{B3E0C19A-9ADA-42F3-8FCB-BDEA28F4C2C8} = {B6A396EF-6B3D-4B52-AAD5-BB85841A4D73}
		{0F96A4BC-19D1-4054-9EAC-07128F0CEAA3} = {B6A396EF-6B3D-4B52-AAD5-BB85841A4D73}
	EndGlobalSection
EndGlobal
